
Microsoft Visual Studio Solution File, Format Version 12.00
# Visual Studio Version 17
VisualStudioVersion = 17.13.35825.156 d17.13
MinimumVisualStudioVersion = 10.0.40219.1
Project("{FAE04EC0-301F-11D3-BF4B-00C04F79EFBC}") = "ConsoleApp1", "ConsoleApp1\ConsoleApp1.csproj", "{53F22ADD-380A-4DA3-8486-7ADF6C0F45BC}"
EndProject
Global
	GlobalSection(SolutionConfigurationPlatforms) = preSolution
		Debug|Any CPU = Debug|Any CPU
		Release|Any CPU = Release|Any CPU
	EndGlobalSection
	GlobalSection(ProjectConfigurationPlatforms) = postSolution
		{53F22ADD-380A-4DA3-8486-7ADF6C0F45BC}.Debug|Any CPU.ActiveCfg = Debug|Any CPU
		{53F22ADD-380A-4DA3-8486-7ADF6C0F45BC}.Debug|Any CPU.Build.0 = Debug|Any CPU
		{53F22ADD-380A-4DA3-8486-7ADF6C0F45BC}.Release|Any CPU.ActiveCfg = Release|Any CPU
		{53F22ADD-380A-4DA3-8486-7ADF6C0F45BC}.Release|Any CPU.Build.0 = Release|Any CPU
	EndGlobalSection
	GlobalSection(SolutionProperties) = preSolution
		HideSolutionNode = FALSE
	EndGlobalSection
	GlobalSection(ExtensibilityGlobals) = postSolution
		SolutionGuid = {C8867FB0-FD75-443F-AF3D-A1C8C98E5CFA}
	EndGlobalSection
EndGlobal
